// !$*UTF8*$!
{
	archiveVersion = 1;
	classes = {
	};
	objectVersion = 50;
	objects = {

/* Begin PBXBuildFile section */
		C0ED79C4249E272200A9AAC4 /* AppDelegate.swift in Sources */ = {isa = PBXBuildFile; fileRef = C0ED79C3249E272200A9AAC4 /* AppDelegate.swift */; };
		C0ED79C6249E272200A9AAC4 /* SceneDelegate.swift in Sources */ = {isa = PBXBuildFile; fileRef = C0ED79C5249E272200A9AAC4 /* SceneDelegate.swift */; };
		C0ED79C8249E272200A9AAC4 /* ContentView.swift in Sources */ = {isa = PBXBuildFile; fileRef = C0ED79C7249E272200A9AAC4 /* ContentView.swift */; };
		C0ED79CA249E272700A9AAC4 /* Assets.xcassets in Resources */ = {isa = PBXBuildFile; fileRef = C0ED79C9249E272700A9AAC4 /* Assets.xcassets */; };
		C0ED79CD249E272700A9AAC4 /* Preview Assets.xcassets in Resources */ = {isa = PBXBuildFile; fileRef = C0ED79CC249E272700A9AAC4 /* Preview Assets.xcassets */; };
		C0ED79D0249E272700A9AAC4 /* LaunchScreen.storyboard in Resources */ = {isa = PBXBuildFile; fileRef = C0ED79CE249E272700A9AAC4 /* LaunchScreen.storyboard */; };
		C0ED79DB249E272800A9AAC4 /* Swift_UIDesignTests.swift in Sources */ = {isa = PBXBuildFile; fileRef = C0ED79DA249E272800A9AAC4 /* Swift_UIDesignTests.swift */; };
/* End PBXBuildFile section */

/* Begin PBXContainerItemProxy section */
		C0ED79D7249E272800A9AAC4 /* PBXContainerItemProxy */ = {
			isa = PBXContainerItemProxy;
			containerPortal = C0ED79B8249E272200A9AAC4 /* Project object */;
			proxyType = 1;
			remoteGlobalIDString = C0ED79BF249E272200A9AAC4;
			remoteInfo = "Swift-UIDesign";
		};
/* End PBXContainerItemProxy section */

/* Begin PBXFileReference section */
		C0ED79C0249E272200A9AAC4 /* Swift-UIDesign.app */ = {isa = PBXFileReference; explicitFileType = wrapper.application; includeInIndex = 0; path = "Swift-UIDesign.app"; sourceTree = BUILT_PRODUCTS_DIR; };
		C0ED79C3249E272200A9AAC4 /* AppDelegate.swift */ = {isa = PBXFileReference; lastKnownFileType = sourcecode.swift; path = AppDelegate.swift; sourceTree = "<group>"; };
		C0ED79C5249E272200A9AAC4 /* SceneDelegate.swift */ = {isa = PBXFileReference; lastKnownFileType = sourcecode.swift; path = SceneDelegate.swift; sourceTree = "<group>"; };
		C0ED79C7249E272200A9AAC4 /* ContentView.swift */ = {isa = PBXFileReference; lastKnownFileType = sourcecode.swift; path = ContentView.swift; sourceTree = "<group>"; };
		C0ED79C9249E272700A9AAC4 /* Assets.xcassets */ = {isa = PBXFileReference; lastKnownFileType = folder.assetcatalog; path = Assets.xcassets; sourceTree = "<group>"; };
		C0ED79CC249E272700A9AAC4 /* Preview Assets.xcassets */ = {isa = PBXFileReference; lastKnownFileType = folder.assetcatalog; path = "Preview Assets.xcassets"; sourceTree = "<group>"; };
		C0ED79CF249E272700A9AAC4 /* Base */ = {isa = PBXFileReference; lastKnownFileType = file.storyboard; name = Base; path = Base.lproj/LaunchScreen.storyboard; sourceTree = "<group>"; };
		C0ED79D1249E272700A9AAC4 /* Info.plist */ = {isa = PBXFileReference; lastKnownFileType = text.plist.xml; path = Info.plist; sourceTree = "<group>"; };
		C0ED79D6249E272800A9AAC4 /* Swift-UIDesignTests.xctest */ = {isa = PBXFileReference; explicitFileType = wrapper.cfbundle; includeInIndex = 0; path = "Swift-UIDesignTests.xctest"; sourceTree = BUILT_PRODUCTS_DIR; };
		C0ED79DA249E272800A9AAC4 /* Swift_UIDesignTests.swift */ = {isa = PBXFileReference; lastKnownFileType = sourcecode.swift; path = Swift_UIDesignTests.swift; sourceTree = "<group>"; };
		C0ED79DC249E272800A9AAC4 /* Info.plist */ = {isa = PBXFileReference; lastKnownFileType = text.plist.xml; path = Info.plist; sourceTree = "<group>"; };
/* End PBXFileReference section */

/* Begin PBXFrameworksBuildPhase section */
		C0ED79BD249E272200A9AAC4 /* Frameworks */ = {
			isa = PBXFrameworksBuildPhase;
			buildActionMask = 2147483647;
			files = (
			);
			runOnlyForDeploymentPostprocessing = 0;
		};
		C0ED79D3249E272800A9AAC4 /* Frameworks */ = {
			isa = PBXFrameworksBuildPhase;
			buildActionMask = 2147483647;
			files = (
			);
			runOnlyForDeploymentPostprocessing = 0;
		};
/* End PBXFrameworksBuildPhase section */

/* Begin PBXGroup section */
		C0ED79B7249E272200A9AAC4 = {
			isa = PBXGroup;
			children = (
				C0ED79C2249E272200A9AAC4 /* Swift-UIDesign */,
				C0ED79D9249E272800A9AAC4 /* Swift-UIDesignTests */,
				C0ED79C1249E272200A9AAC4 /* Products */,
			);
			sourceTree = "<group>";
		};
		C0ED79C1249E272200A9AAC4 /* Products */ = {
			isa = PBXGroup;
			children = (
				C0ED79C0249E272200A9AAC4 /* Swift-UIDesign.app */,
				C0ED79D6249E272800A9AAC4 /* Swift-UIDesignTests.xctest */,
			);
			name = Products;
			sourceTree = "<group>";
		};
		C0ED79C2249E272200A9AAC4 /* Swift-UIDesign */ = {
			isa = PBXGroup;
			children = (
				C0ED79C3249E272200A9AAC4 /* AppDelegate.swift */,
				C0ED79C5249E272200A9AAC4 /* SceneDelegate.swift */,
				C0ED79C7249E272200A9AAC4 /* ContentView.swift */,
				C0ED79C9249E272700A9AAC4 /* Assets.xcassets */,
				C0ED79CE249E272700A9AAC4 /* LaunchScreen.storyboard */,
				C0ED79D1249E272700A9AAC4 /* Info.plist */,
				C0ED79CB249E272700A9AAC4 /* Preview Content */,
			);
			path = "Swift-UIDesign";
			sourceTree = "<group>";
		};
		C0ED79CB249E272700A9AAC4 /* Preview Content */ = {
			isa = PBXGroup;
			children = (
				C0ED79CC249E272700A9AAC4 /* Preview Assets.xcassets */,
			);
			path = "Preview Content";
			sourceTree = "<group>";
		};
		C0ED79D9249E272800A9AAC4 /* Swift-UIDesignTests */ = {
			isa = PBXGroup;
			children = (
				C0ED79DA249E272800A9AAC4 /* Swift_UIDesignTests.swift */,
				C0ED79DC249E272800A9AAC4 /* Info.plist */,
			);
			path = "Swift-UIDesignTests";
			sourceTree = "<group>";
		};
/* End PBXGroup section */

/* Begin PBXNativeTarget section */
		C0ED79BF249E272200A9AAC4 /* Swift-UIDesign */ = {
			isa = PBXNativeTarget;
			buildConfigurationList = C0ED79DF249E272800A9AAC4 /* Build configuration list for PBXNativeTarget "Swift-UIDesign" */;
			buildPhases = (
				C0ED79BC249E272200A9AAC4 /* Sources */,
				C0ED79BD249E272200A9AAC4 /* Frameworks */,
				C0ED79BE249E272200A9AAC4 /* Resources */,
			);
			buildRules = (
			);
			dependencies = (
			);
			name = "Swift-UIDesign";
			productName = "Swift-UIDesign";
			productReference = C0ED79C0249E272200A9AAC4 /* Swift-UIDesign.app */;
			productType = "com.apple.product-type.application";
		};
		C0ED79D5249E272800A9AAC4 /* Swift-UIDesignTests */ = {
			isa = PBXNativeTarget;
			buildConfigurationList = C0ED79E2249E272800A9AAC4 /* Build configuration list for PBXNativeTarget "Swift-UIDesignTests" */;
			buildPhases = (
				C0ED79D2249E272800A9AAC4 /* Sources */,
				C0ED79D3249E272800A9AAC4 /* Frameworks */,
				C0ED79D4249E272800A9AAC4 /* Resources */,
			);
			buildRules = (
			);
			dependencies = (
				C0ED79D8249E272800A9AAC4 /* PBXTargetDependency */,
			);
			name = "Swift-UIDesignTests";
			productName = "Swift-UIDesignTests";
			productReference = C0ED79D6249E272800A9AAC4 /* Swift-UIDesignTests.xctest */;
			productType = "com.apple.product-type.bundle.unit-test";
		};
/* End PBXNativeTarget section */

/* Begin PBXProject section */
		C0ED79B8249E272200A9AAC4 /* Project object */ = {
			isa = PBXProject;
			attributes = {
				LastSwiftUpdateCheck = 1120;
				LastUpgradeCheck = 1120;
				ORGANIZATIONNAME = shobhakar;
				TargetAttributes = {
					C0ED79BF249E272200A9AAC4 = {
						CreatedOnToolsVersion = 11.2.1;
					};
					C0ED79D5249E272800A9AAC4 = {
						CreatedOnToolsVersion = 11.2.1;
						TestTargetID = C0ED79BF249E272200A9AAC4;
					};
				};
			};
			buildConfigurationList = C0ED79BB249E272200A9AAC4 /* Build configuration list for PBXProject "Swift-UIDesign" */;
			compatibilityVersion = "Xcode 9.3";
			developmentRegion = en;
			hasScannedForEncodings = 0;
			knownRegions = (
				en,
				Base,
			);
			mainGroup = C0ED79B7249E272200A9AAC4;
			productRefGroup = C0ED79C1249E272200A9AAC4 /* Products */;
			projectDirPath = "";
			projectRoot = "";
			targets = (
				C0ED79BF249E272200A9AAC4 /* Swift-UIDesign */,
				C0ED79D5249E272800A9AAC4 /* Swift-UIDesignTests */,
			);
		};
/* End PBXProject section */

/* Begin PBXResourcesBuildPhase section */
		C0ED79BE249E272200A9AAC4 /* Resources */ = {
			isa = PBXResourcesBuildPhase;
			buildActionMask = 2147483647;
			files = (
				C0ED79D0249E272700A9AAC4 /* LaunchScreen.storyboard in Resources */,
				C0ED79CD249E272700A9AAC4 /* Preview Assets.xcassets in Resources */,
				C0ED79CA249E272700A9AAC4 /* Assets.xcassets in Resources */,
			);
			runOnlyForDeploymentPostprocessing = 0;
		};
		C0ED79D4249E272800A9AAC4 /* Resources */ = {
			isa = PBXResourcesBuildPhase;
			buildActionMask = 2147483647;
			files = (
			);
			runOnlyForDeploymentPostprocessing = 0;
		};
/* End PBXResourcesBuildPhase section */

/* Begin PBXSourcesBuildPhase section */
		C0ED79BC249E272200A9AAC4 /* Sources */ = {
			isa = PBXSourcesBuildPhase;
			buildActionMask = 2147483647;
			files = (
				C0ED79C4249E272200A9AAC4 /* AppDelegate.swift in Sources */,
				C0ED79C6249E272200A9AAC4 /* SceneDelegate.swift in Sources */,
				C0ED79C8249E272200A9AAC4 /* ContentView.swift in Sources */,
			);
			runOnlyForDeploymentPostprocessing = 0;
		};
		C0ED79D2249E272800A9AAC4 /* Sources */ = {
			isa = PBXSourcesBuildPhase;
			buildActionMask = 2147483647;
			files = (
				C0ED79DB249E272800A9AAC4 /* Swift_UIDesignTests.swift in Sources */,
			);
			runOnlyForDeploymentPostprocessing = 0;
		};
/* End PBXSourcesBuildPhase section */

/* Begin PBXTargetDependency section */
		C0ED79D8249E272800A9AAC4 /* PBXTargetDependency */ = {
			isa = PBXTargetDependency;
			target = C0ED79BF249E272200A9AAC4 /* Swift-UIDesign */;
			targetProxy = C0ED79D7249E272800A9AAC4 /* PBXContainerItemProxy */;
		};
/* End PBXTargetDependency section */

/* Begin PBXVariantGroup section */
		C0ED79CE249E272700A9AAC4 /* LaunchScreen.storyboard */ = {
			isa = PBXVariantGroup;
			children = (
				C0ED79CF249E272700A9AAC4 /* Base */,
			);
			name = LaunchScreen.storyboard;
			sourceTree = "<group>";
		};
/* End PBXVariantGroup section */

/* Begin XCBuildConfiguration section */
		C0ED79DD249E272800A9AAC4 /* Debug */ = {
			isa = XCBuildConfiguration;
			buildSettings = {
				ALWAYS_SEARCH_USER_PATHS = NO;
				CLANG_ANALYZER_NONNULL = YES;
				CLANG_ANALYZER_NUMBER_OBJECT_CONVERSION = YES_AGGRESSIVE;
				CLANG_CXX_LANGUAGE_STANDARD = "gnu++14";
				CLANG_CXX_LIBRARY = "libc++";
				CLANG_ENABLE_MODULES = YES;
				CLANG_ENABLE_OBJC_ARC = YES;
				CLANG_ENABLE_OBJC_WEAK = YES;
				CLANG_WARN_BLOCK_CAPTURE_AUTORELEASING = YES;
				CLANG_WARN_BOOL_CONVERSION = YES;
				CLANG_WARN_COMMA = YES;
				CLANG_WARN_CONSTANT_CONVERSION = YES;
				CLANG_WARN_DEPRECATED_OBJC_IMPLEMENTATIONS = YES;
				CLANG_WARN_DIRECT_OBJC_ISA_USAGE = YES_ERROR;
				CLANG_WARN_DOCUMENTATION_COMMENTS = YES;
				CLANG_WARN_EMPTY_BODY = YES;
				CLANG_WARN_ENUM_CONVERSION = YES;
				CLANG_WARN_INFINITE_RECURSION = YES;
				CLANG_WARN_INT_CONVERSION = YES;
				CLANG_WARN_NON_LITERAL_NULL_CONVERSION = YES;
				CLANG_WARN_OBJC_IMPLICIT_RETAIN_SELF = YES;
				CLANG_WARN_OBJC_LITERAL_CONVERSION = YES;
				CLANG_WARN_OBJC_ROOT_CLASS = YES_ERROR;
				CLANG_WARN_RANGE_LOOP_ANALYSIS = YES;
				CLANG_WARN_STRICT_PROTOTYPES = YES;
				CLANG_WARN_SUSPICIOUS_MOVE = YES;
				CLANG_WARN_UNGUARDED_AVAILABILITY = YES_AGGRESSIVE;
				CLANG_WARN_UNREACHABLE_CODE = YES;
				CLANG_WARN__DUPLICATE_METHOD_MATCH = YES;
				COPY_PHASE_STRIP = NO;
				DEBUG_INFORMATION_FORMAT = dwarf;
				ENABLE_STRICT_OBJC_MSGSEND = YES;
				ENABLE_TESTABILITY = YES;
				GCC_C_LANGUAGE_STANDARD = gnu11;
				GCC_DYNAMIC_NO_PIC = NO;
				GCC_NO_COMMON_BLOCKS = YES;
				GCC_OPTIMIZATION_LEVEL = 0;
				GCC_PREPROCESSOR_DEFINITIONS = (
					"DEBUG=1",
					"$(inherited)",
				);
				GCC_WARN_64_TO_32_BIT_CONVERSION = YES;
				GCC_WARN_ABOUT_RETURN_TYPE = YES_ERROR;
				GCC_WARN_UNDECLARED_SELECTOR = YES;
				GCC_WARN_UNINITIALIZED_AUTOS = YES_AGGRESSIVE;
				GCC_WARN_UNUSED_FUNCTION = YES;
				GCC_WARN_UNUSED_VARIABLE = YES;
				IPHONEOS_DEPLOYMENT_TARGET = 13.2;
				MTL_ENABLE_DEBUG_INFO = INCLUDE_SOURCE;
				MTL_FAST_MATH = YES;
				ONLY_ACTIVE_ARCH = YES;
				SDKROOT = iphoneos;
				SWIFT_ACTIVE_COMPILATION_CONDITIONS = DEBUG;
				SWIFT_OPTIMIZATION_LEVEL = "-Onone";
			};
			name = Debug;
		};
		C0ED79DE249E272800A9AAC4 /* Release */ = {
			isa = XCBuildConfiguration;
			buildSettings = {
				ALWAYS_SEARCH_USER_PATHS = NO;
				CLANG_ANALYZER_NONNULL = YES;
				CLANG_ANALYZER_NUMBER_OBJECT_CONVERSION = YES_AGGRESSIVE;
				CLANG_CXX_LANGUAGE_STANDARD = "gnu++14";
				CLANG_CXX_LIBRARY = "libc++";
				CLANG_ENABLE_MODULES = YES;
				CLANG_ENABLE_OBJC_ARC = YES;
				CLANG_ENABLE_OBJC_WEAK = YES;
				CLANG_WARN_BLOCK_CAPTURE_AUTORELEASING = YES;
				CLANG_WARN_BOOL_CONVERSION = YES;
				CLANG_WARN_COMMA = YES;
				CLANG_WARN_CONSTANT_CONVERSION = YES;
				CLANG_WARN_DEPRECATED_OBJC_IMPLEMENTATIONS = YES;
				CLANG_WARN_DIRECT_OBJC_ISA_USAGE = YES_ERROR;
				CLANG_WARN_DOCUMENTATION_COMMENTS = YES;
				CLANG_WARN_EMPTY_BODY = YES;
				CLANG_WARN_ENUM_CONVERSION = YES;
				CLANG_WARN_INFINITE_RECURSION = YES;
				CLANG_WARN_INT_CONVERSION = YES;
				CLANG_WARN_NON_LITERAL_NULL_CONVERSION = YES;
				CLANG_WARN_OBJC_IMPLICIT_RETAIN_SELF = YES;
				CLANG_WARN_OBJC_LITERAL_CONVERSION = YES;
				CLANG_WARN_OBJC_ROOT_CLASS = YES_ERROR;
				CLANG_WARN_RANGE_LOOP_ANALYSIS = YES;
				CLANG_WARN_STRICT_PROTOTYPES = YES;
				CLANG_WARN_SUSPICIOUS_MOVE = YES;
				CLANG_WARN_UNGUARDED_AVAILABILITY = YES_AGGRESSIVE;
				CLANG_WARN_UNREACHABLE_CODE = YES;
				CLANG_WARN__DUPLICATE_METHOD_MATCH = YES;
				COPY_PHASE_STRIP = NO;
				DEBUG_INFORMATION_FORMAT = "dwarf-with-dsym";
				ENABLE_NS_ASSERTIONS = NO;
				ENABLE_STRICT_OBJC_MSGSEND = YES;
				GCC_C_LANGUAGE_STANDARD = gnu11;
				GCC_NO_COMMON_BLOCKS = YES;
				GCC_WARN_64_TO_32_BIT_CONVERSION = YES;
				GCC_WARN_ABOUT_RETURN_TYPE = YES_ERROR;
				GCC_WARN_UNDECLARED_SELECTOR = YES;
				GCC_WARN_UNINITIALIZED_AUTOS = YES_AGGRESSIVE;
				GCC_WARN_UNUSED_FUNCTION = YES;
				GCC_WARN_UNUSED_VARIABLE = YES;
				IPHONEOS_DEPLOYMENT_TARGET = 13.2;
				MTL_ENABLE_DEBUG_INFO = NO;
				MTL_FAST_MATH = YES;
				SDKROOT = iphoneos;
				SWIFT_COMPILATION_MODE = wholemodule;
				SWIFT_OPTIMIZATION_LEVEL = "-O";
				VALIDATE_PRODUCT = YES;
			};
			name = Release;
		};
		C0ED79E0249E272800A9AAC4 /* Debug */ = {
			isa = XCBuildConfiguration;
			buildSettings = {
				ASSETCATALOG_COMPILER_APPICON_NAME = AppIcon;
				CODE_SIGN_STYLE = Automatic;
				DEVELOPMENT_ASSET_PATHS = "\"Swift-UIDesign/Preview Content\"";
				ENABLE_PREVIEWS = YES;
				INFOPLIST_FILE = "Swift-UIDesign/Info.plist";
				LD_RUNPATH_SEARCH_PATHS = (
					"$(inherited)",
					"@executable_path/Frameworks",
				);
				PRODUCT_BUNDLE_IDENTIFIER = "com.shobhakar.dev.Swift-UIDesign";
				PRODUCT_NAME = "$(TARGET_NAME)";
				SWIFT_VERSION = 5.0;
				TARGETED_DEVICE_FAMILY = "1,2";
			};
			name = Debug;
		};
		C0ED79E1249E272800A9AAC4 /* Release */ = {
			isa = XCBuildConfiguration;
			buildSettings = {
				ASSETCATALOG_COMPILER_APPICON_NAME = AppIcon;
				CODE_SIGN_STYLE = Automatic;
				DEVELOPMENT_ASSET_PATHS = "\"Swift-UIDesign/Preview Content\"";
				ENABLE_PREVIEWS = YES;
				INFOPLIST_FILE = "Swift-UIDesign/Info.plist";
				LD_RUNPATH_SEARCH_PATHS = (
					"$(inherited)",
					"@executable_path/Frameworks",
				);
				PRODUCT_BUNDLE_IDENTIFIER = "com.shobhakar.dev.Swift-UIDesign";
				PRODUCT_NAME = "$(TARGET_NAME)";
				SWIFT_VERSION = 5.0;
				TARGETED_DEVICE_FAMILY = "1,2";
			};
			name = Release;
		};
		C0ED79E3249E272800A9AAC4 /* Debug */ = {
			isa = XCBuildConfiguration;
			buildSettings = {
				ALWAYS_EMBED_SWIFT_STANDARD_LIBRARIES = YES;
				BUNDLE_LOADER = "$(TEST_HOST)";
				CODE_SIGN_STYLE = Automatic;
				INFOPLIST_FILE = "Swift-UIDesignTests/Info.plist";
				IPHONEOS_DEPLOYMENT_TARGET = 13.2;
				LD_RUNPATH_SEARCH_PATHS = (
					"$(inherited)",
					"@executable_path/Frameworks",
					"@loader_path/Frameworks",
				);
				PRODUCT_BUNDLE_IDENTIFIER = "com.shobhakar.dev.Swift-UIDesignTests";
				PRODUCT_NAME = "$(TARGET_NAME)";
				SWIFT_VERSION = 5.0;
				TARGETED_DEVICE_FAMILY = "1,2";
				TEST_HOST = "$(BUILT_PRODUCTS_DIR)/Swift-UIDesign.app/Swift-UIDesign";
			};
			name = Debug;
		};
		C0ED79E4249E272800A9AAC4 /* Release */ = {
			isa = XCBuildConfiguration;
			buildSettings = {
				ALWAYS_EMBED_SWIFT_STANDARD_LIBRARIES = YES;
				BUNDLE_LOADER = "$(TEST_HOST)";
				CODE_SIGN_STYLE = Automatic;
				INFOPLIST_FILE = "Swift-UIDesignTests/Info.plist";
				IPHONEOS_DEPLOYMENT_TARGET = 13.2;
				LD_RUNPATH_SEARCH_PATHS = (
					"$(inherited)",
					"@executable_path/Frameworks",
					"@loader_path/Frameworks",
				);
				PRODUCT_BUNDLE_IDENTIFIER = "com.shobhakar.dev.Swift-UIDesignTests";
				PRODUCT_NAME = "$(TARGET_NAME)";
				SWIFT_VERSION = 5.0;
				TARGETED_DEVICE_FAMILY = "1,2";
				TEST_HOST = "$(BUILT_PRODUCTS_DIR)/Swift-UIDesign.app/Swift-UIDesign";
			};
			name = Release;
		};
/* End XCBuildConfiguration section */

/* Begin XCConfigurationList section */
		C0ED79BB249E272200A9AAC4 /* Build configuration list for PBXProject "Swift-UIDesign" */ = {
			isa = XCConfigurationList;
			buildConfigurations = (
				C0ED79DD249E272800A9AAC4 /* Debug */,
				C0ED79DE249E272800A9AAC4 /* Release */,
			);
			defaultConfigurationIsVisible = 0;
			defaultConfigurationName = Release;
		};
		C0ED79DF249E272800A9AAC4 /* Build configuration list for PBXNativeTarget "Swift-UIDesign" */ = {
			isa = XCConfigurationList;
			buildConfigurations = (
				C0ED79E0249E272800A9AAC4 /* Debug */,
				C0ED79E1249E272800A9AAC4 /* Release */,
			);
			defaultConfigurationIsVisible = 0;
			defaultConfigurationName = Release;
		};
		C0ED79E2249E272800A9AAC4 /* Build configuration list for PBXNativeTarget "Swift-UIDesignTests" */ = {
			isa = XCConfigurationList;
			buildConfigurations = (
				C0ED79E3249E272800A9AAC4 /* Debug */,
				C0ED79E4249E272800A9AAC4 /* Release */,
			);
			defaultConfigurationIsVisible = 0;
			defaultConfigurationName = Release;
		};
/* End XCConfigurationList section */
	};
	rootObject = C0ED79B8249E272200A9AAC4 /* Project object */;
}
